
Microsoft Visual Studio Solution File, Format Version 12.00
# Visual Studio Version 17
VisualStudioVersion = 17.4.33110.190
MinimumVisualStudioVersion = 10.0.40219.1
Project("{FAE04EC0-301F-11D3-BF4B-00C04F79EFBC}") = "CharacterManager", "CharacterManager.csproj", "{5115A59A-03CB-4AE9-893F-A0422C70E8A3}"
EndProject
Global
	GlobalSection(SolutionConfigurationPlatforms) = preSolution
		Debug|Any CPU = Debug|Any CPU
		Release|Any CPU = Release|Any CPU
	EndGlobalSection
	GlobalSection(ProjectConfigurationPlatforms) = postSolution
		{5115A59A-03CB-4AE9-893F-A0422C70E8A3}.Debug|Any CPU.ActiveCfg = Debug|Any CPU
		{5115A59A-03CB-4AE9-893F-A0422C70E8A3}.Debug|Any CPU.Build.0 = Debug|Any CPU
		{5115A59A-03CB-4AE9-893F-A0422C70E8A3}.Release|Any CPU.ActiveCfg = Release|Any CPU
		{5115A59A-03CB-4AE9-893F-A0422C70E8A3}.Release|Any CPU.Build.0 = Release|Any CPU
	EndGlobalSection
	GlobalSection(SolutionProperties) = preSolution
		HideSolutionNode = FALSE
	EndGlobalSection
	GlobalSection(ExtensibilityGlobals) = postSolution
		SolutionGuid = {C52950F1-8FC5-4150-8DEF-DE9B38514688}
	EndGlobalSection
EndGlobal
